
Microsoft Visual Studio Solution File, Format Version 12.00
# Visual Studio 2013
VisualStudioVersion = 12.0.31101.0
MinimumVisualStudioVersion = 10.0.40219.1
Project("{FAE04EC0-301F-11D3-BF4B-00C04F79EFBC}") = "ReactiveHUB.Core", "ReactiveHUB.Core\ReactiveHUB.Core.csproj", "{04039EF0-4288-430F-8C8B-F62FA4EB7BB2}"
EndProject
Project("{FAE04EC0-301F-11D3-BF4B-00C04F79EFBC}") = "ReactiveHUB.Wpf", "ReactiveHUB.WPF\ReactiveHUB.Wpf.csproj", "{C3ECDD8F-1133-4A9F-BC60-20E45FD8AF5F}"
EndProject
Project("{FAE04EC0-301F-11D3-BF4B-00C04F79EFBC}") = "ReactiveHUB.WinRT", "ReactiveHUB.WinRT\ReactiveHUB.WinRT.csproj", "{EEAB1D62-678D-4B8F-9825-FDD78C876B99}"
EndProject
Project("{FAE04EC0-301F-11D3-BF4B-00C04F79EFBC}") = "ReactiveHUB.Android", "ReactiveHUB\ReactiveHUB.Android.csproj", "{1D0A3B67-D2E7-4316-912E-500C6895FCD6}"
EndProject
Project("{2150E333-8FDC-42A3-9474-1A3956D46DE8}") = "Solution Items", "Solution Items", "{DD099D48-CB8C-434E-854C-A17C3DCAAD51}"
	ProjectSection(SolutionItems) = preProject
		README.md = README.md
	EndProjectSection
EndProject
Project("{FAE04EC0-301F-11D3-BF4B-00C04F79EFBC}") = "ReactiveHUB.Core.Tests", "ReactiveHUB.Core.Tests\ReactiveHUB.Core.Tests.csproj", "{8EE319FB-E674-4A8B-832E-2D93B9E35711}"
EndProject
Project("{2150E333-8FDC-42A3-9474-1A3956D46DE8}") = ".nuget", ".nuget", "{4B1474DF-9BB4-457B-95C6-C4866CC4E44A}"
	ProjectSection(SolutionItems) = preProject
		.nuget\NuGet.Config = .nuget\NuGet.Config
		.nuget\NuGet.exe = .nuget\NuGet.exe
		.nuget\NuGet.targets = .nuget\NuGet.targets
	EndProjectSection
EndProject
Project("{2150E333-8FDC-42A3-9474-1A3956D46DE8}") = "Integrations", "Integrations", "{13572480-EAC4-4878-9D62-638E73F5B3CD}"
EndProject
Project("{FAE04EC0-301F-11D3-BF4B-00C04F79EFBC}") = "ReactiveHub.Integration.Twitter", "ReactiveHub.Integration.Twitter\ReactiveHub.Integration.Twitter.csproj", "{BED05D94-5700-44B2-9271-19E96816ACE0}"
EndProject
Global
	GlobalSection(SolutionConfigurationPlatforms) = preSolution
		Debug|Any CPU = Debug|Any CPU
		Debug|ARM = Debug|ARM
		Debug|x64 = Debug|x64
		Debug|x86 = Debug|x86
		Release|Any CPU = Release|Any CPU
		Release|ARM = Release|ARM
		Release|x64 = Release|x64
		Release|x86 = Release|x86
	EndGlobalSection
	GlobalSection(ProjectConfigurationPlatforms) = postSolution
		{04039EF0-4288-430F-8C8B-F62FA4EB7BB2}.Debug|Any CPU.ActiveCfg = Debug|Any CPU
		{04039EF0-4288-430F-8C8B-F62FA4EB7BB2}.Debug|Any CPU.Build.0 = Debug|Any CPU
		{04039EF0-4288-430F-8C8B-F62FA4EB7BB2}.Debug|ARM.ActiveCfg = Debug|Any CPU
		{04039EF0-4288-430F-8C8B-F62FA4EB7BB2}.Debug|x64.ActiveCfg = Debug|Any CPU
		{04039EF0-4288-430F-8C8B-F62FA4EB7BB2}.Debug|x86.ActiveCfg = Debug|Any CPU
		{04039EF0-4288-430F-8C8B-F62FA4EB7BB2}.Release|Any CPU.ActiveCfg = Release|Any CPU
		{04039EF0-4288-430F-8C8B-F62FA4EB7BB2}.Release|Any CPU.Build.0 = Release|Any CPU
		{04039EF0-4288-430F-8C8B-F62FA4EB7BB2}.Release|ARM.ActiveCfg = Release|Any CPU
		{04039EF0-4288-430F-8C8B-F62FA4EB7BB2}.Release|x64.ActiveCfg = Release|Any CPU
		{04039EF0-4288-430F-8C8B-F62FA4EB7BB2}.Release|x86.ActiveCfg = Release|Any CPU
		{C3ECDD8F-1133-4A9F-BC60-20E45FD8AF5F}.Debug|Any CPU.ActiveCfg = Debug|Any CPU
		{C3ECDD8F-1133-4A9F-BC60-20E45FD8AF5F}.Debug|Any CPU.Build.0 = Debug|Any CPU
		{C3ECDD8F-1133-4A9F-BC60-20E45FD8AF5F}.Debug|ARM.ActiveCfg = Debug|Any CPU
		{C3ECDD8F-1133-4A9F-BC60-20E45FD8AF5F}.Debug|x64.ActiveCfg = Debug|Any CPU
		{C3ECDD8F-1133-4A9F-BC60-20E45FD8AF5F}.Debug|x86.ActiveCfg = Debug|Any CPU
		{C3ECDD8F-1133-4A9F-BC60-20E45FD8AF5F}.Release|Any CPU.ActiveCfg = Release|Any CPU
		{C3ECDD8F-1133-4A9F-BC60-20E45FD8AF5F}.Release|Any CPU.Build.0 = Release|Any CPU
		{C3ECDD8F-1133-4A9F-BC60-20E45FD8AF5F}.Release|ARM.ActiveCfg = Release|Any CPU
		{C3ECDD8F-1133-4A9F-BC60-20E45FD8AF5F}.Release|x64.ActiveCfg = Release|Any CPU
		{C3ECDD8F-1133-4A9F-BC60-20E45FD8AF5F}.Release|x86.ActiveCfg = Release|Any CPU
		{EEAB1D62-678D-4B8F-9825-FDD78C876B99}.Debug|Any CPU.ActiveCfg = Debug|Any CPU
		{EEAB1D62-678D-4B8F-9825-FDD78C876B99}.Debug|Any CPU.Build.0 = Debug|Any CPU
		{EEAB1D62-678D-4B8F-9825-FDD78C876B99}.Debug|Any CPU.Deploy.0 = Debug|Any CPU
		{EEAB1D62-678D-4B8F-9825-FDD78C876B99}.Debug|ARM.ActiveCfg = Debug|ARM
		{EEAB1D62-678D-4B8F-9825-FDD78C876B99}.Debug|ARM.Build.0 = Debug|ARM
		{EEAB1D62-678D-4B8F-9825-FDD78C876B99}.Debug|ARM.Deploy.0 = Debug|ARM
		{EEAB1D62-678D-4B8F-9825-FDD78C876B99}.Debug|x64.ActiveCfg = Debug|x64
		{EEAB1D62-678D-4B8F-9825-FDD78C876B99}.Debug|x64.Build.0 = Debug|x64
		{EEAB1D62-678D-4B8F-9825-FDD78C876B99}.Debug|x64.Deploy.0 = Debug|x64
		{EEAB1D62-678D-4B8F-9825-FDD78C876B99}.Debug|x86.ActiveCfg = Debug|x86
		{EEAB1D62-678D-4B8F-9825-FDD78C876B99}.Debug|x86.Build.0 = Debug|x86
		{EEAB1D62-678D-4B8F-9825-FDD78C876B99}.Debug|x86.Deploy.0 = Debug|x86
		{EEAB1D62-678D-4B8F-9825-FDD78C876B99}.Release|Any CPU.ActiveCfg = Release|Any CPU
		{EEAB1D62-678D-4B8F-9825-FDD78C876B99}.Release|Any CPU.Build.0 = Release|Any CPU
		{EEAB1D62-678D-4B8F-9825-FDD78C876B99}.Release|Any CPU.Deploy.0 = Release|Any CPU
		{EEAB1D62-678D-4B8F-9825-FDD78C876B99}.Release|ARM.ActiveCfg = Release|ARM
		{EEAB1D62-678D-4B8F-9825-FDD78C876B99}.Release|ARM.Build.0 = Release|ARM
		{EEAB1D62-678D-4B8F-9825-FDD78C876B99}.Release|ARM.Deploy.0 = Release|ARM
		{EEAB1D62-678D-4B8F-9825-FDD78C876B99}.Release|x64.ActiveCfg = Release|x64
		{EEAB1D62-678D-4B8F-9825-FDD78C876B99}.Release|x64.Build.0 = Release|x64
		{EEAB1D62-678D-4B8F-9825-FDD78C876B99}.Release|x64.Deploy.0 = Release|x64
		{EEAB1D62-678D-4B8F-9825-FDD78C876B99}.Release|x86.ActiveCfg = Release|x86
		{EEAB1D62-678D-4B8F-9825-FDD78C876B99}.Release|x86.Build.0 = Release|x86
		{EEAB1D62-678D-4B8F-9825-FDD78C876B99}.Release|x86.Deploy.0 = Release|x86
		{1D0A3B67-D2E7-4316-912E-500C6895FCD6}.Debug|Any CPU.ActiveCfg = Debug|Any CPU
		{1D0A3B67-D2E7-4316-912E-500C6895FCD6}.Debug|Any CPU.Build.0 = Debug|Any CPU
		{1D0A3B67-D2E7-4316-912E-500C6895FCD6}.Debug|Any CPU.Deploy.0 = Debug|Any CPU
		{1D0A3B67-D2E7-4316-912E-500C6895FCD6}.Debug|ARM.ActiveCfg = Debug|Any CPU
		{1D0A3B67-D2E7-4316-912E-500C6895FCD6}.Debug|x64.ActiveCfg = Debug|Any CPU
		{1D0A3B67-D2E7-4316-912E-500C6895FCD6}.Debug|x86.ActiveCfg = Debug|Any CPU
		{1D0A3B67-D2E7-4316-912E-500C6895FCD6}.Release|Any CPU.ActiveCfg = Release|Any CPU
		{1D0A3B67-D2E7-4316-912E-500C6895FCD6}.Release|Any CPU.Build.0 = Release|Any CPU
		{1D0A3B67-D2E7-4316-912E-500C6895FCD6}.Release|Any CPU.Deploy.0 = Release|Any CPU
		{1D0A3B67-D2E7-4316-912E-500C6895FCD6}.Release|ARM.ActiveCfg = Release|Any CPU
		{1D0A3B67-D2E7-4316-912E-500C6895FCD6}.Release|x64.ActiveCfg = Release|Any CPU
		{1D0A3B67-D2E7-4316-912E-500C6895FCD6}.Release|x86.ActiveCfg = Release|Any CPU
		{8EE319FB-E674-4A8B-832E-2D93B9E35711}.Debug|Any CPU.ActiveCfg = Debug|Any CPU
		{8EE319FB-E674-4A8B-832E-2D93B9E35711}.Debug|Any CPU.Build.0 = Debug|Any CPU
		{8EE319FB-E674-4A8B-832E-2D93B9E35711}.Debug|ARM.ActiveCfg = Debug|Any CPU
		{8EE319FB-E674-4A8B-832E-2D93B9E35711}.Debug|x64.ActiveCfg = Debug|Any CPU
		{8EE319FB-E674-4A8B-832E-2D93B9E35711}.Debug|x86.ActiveCfg = Debug|Any CPU
		{8EE319FB-E674-4A8B-832E-2D93B9E35711}.Release|Any CPU.ActiveCfg = Release|Any CPU
		{8EE319FB-E674-4A8B-832E-2D93B9E35711}.Release|Any CPU.Build.0 = Release|Any CPU
		{8EE319FB-E674-4A8B-832E-2D93B9E35711}.Release|ARM.ActiveCfg = Release|Any CPU
		{8EE319FB-E674-4A8B-832E-2D93B9E35711}.Release|x64.ActiveCfg = Release|Any CPU
		{8EE319FB-E674-4A8B-832E-2D93B9E35711}.Release|x86.ActiveCfg = Release|Any CPU
		{BED05D94-5700-44B2-9271-19E96816ACE0}.Debug|Any CPU.ActiveCfg = Debug|Any CPU
		{BED05D94-5700-44B2-9271-19E96816ACE0}.Debug|Any CPU.Build.0 = Debug|Any CPU
		{BED05D94-5700-44B2-9271-19E96816ACE0}.Debug|ARM.ActiveCfg = Debug|Any CPU
		{BED05D94-5700-44B2-9271-19E96816ACE0}.Debug|x64.ActiveCfg = Debug|Any CPU
		{BED05D94-5700-44B2-9271-19E96816ACE0}.Debug|x86.ActiveCfg = Debug|Any CPU
		{BED05D94-5700-44B2-9271-19E96816ACE0}.Release|Any CPU.ActiveCfg = Release|Any CPU
		{BED05D94-5700-44B2-9271-19E96816ACE0}.Release|Any CPU.Build.0 = Release|Any CPU
		{BED05D94-5700-44B2-9271-19E96816ACE0}.Release|ARM.ActiveCfg = Release|Any CPU
		{BED05D94-5700-44B2-9271-19E96816ACE0}.Release|x64.ActiveCfg = Release|Any CPU
		{BED05D94-5700-44B2-9271-19E96816ACE0}.Release|x86.ActiveCfg = Release|Any CPU
	EndGlobalSection
	GlobalSection(SolutionProperties) = preSolution
		HideSolutionNode = FALSE
	EndGlobalSection
	GlobalSection(NestedProjects) = preSolution
		{BED05D94-5700-44B2-9271-19E96816ACE0} = {13572480-EAC4-4878-9D62-638E73F5B3CD}
	EndGlobalSection
	GlobalSection(MonoDevelopProperties) = preSolution
		StartupItem = ReactiveHUB\ReactiveHUB.WPF.csproj
	EndGlobalSection
EndGlobal
